
Microsoft Visual Studio Solution File, Format Version 12.00
Project("{FAE04EC0-301F-11D3-BF4B-00C04F79EFBC}") = "CelesteMod.Templates", "CelesteMod.Templates.csproj", "{77D34D34-E088-4AA3-87FB-89767BB8EE39}"
EndProject
Global
	GlobalSection(SolutionConfigurationPlatforms) = preSolution
		Debug|Any CPU = Debug|Any CPU
		Release|Any CPU = Release|Any CPU
	EndGlobalSection
	GlobalSection(ProjectConfigurationPlatforms) = postSolution
		{77D34D34-E088-4AA3-87FB-89767BB8EE39}.Debug|Any CPU.ActiveCfg = Debug|Any CPU
		{77D34D34-E088-4AA3-87FB-89767BB8EE39}.Debug|Any CPU.Build.0 = Debug|Any CPU
		{77D34D34-E088-4AA3-87FB-89767BB8EE39}.Release|Any CPU.ActiveCfg = Release|Any CPU
		{77D34D34-E088-4AA3-87FB-89767BB8EE39}.Release|Any CPU.Build.0 = Release|Any CPU
	EndGlobalSection
	GlobalSection(NestedProjects) = preSolution
	EndGlobalSection
EndGlobal
