
Microsoft Visual Studio Solution File, Format Version 12.00
Project("{FAE04EC0-301F-11D3-BF4B-00C04F79EFBC}") = "CelesteMod", "Source\CelesteMod.csproj", "{472281A7-9373-412A-8E8E-5B603857A9D6}"
EndProject
Global
	GlobalSection(SolutionConfigurationPlatforms) = preSolution
		Debug|Any CPU = Debug|Any CPU
		Release|Any CPU = Release|Any CPU
	EndGlobalSection
	GlobalSection(ProjectConfigurationPlatforms) = postSolution
		{472281A7-9373-412A-8E8E-5B603857A9D6}.Debug|Any CPU.ActiveCfg = Debug|Any CPU
		{472281A7-9373-412A-8E8E-5B603857A9D6}.Debug|Any CPU.Build.0 = Debug|Any CPU
		{472281A7-9373-412A-8E8E-5B603857A9D6}.Release|Any CPU.ActiveCfg = Release|Any CPU
		{472281A7-9373-412A-8E8E-5B603857A9D6}.Release|Any CPU.Build.0 = Release|Any CPU
	EndGlobalSection
EndGlobal
